
Microsoft Visual Studio Solution File, Format Version 12.00
# Visual Studio Version 17
VisualStudioVersion = 17.12.35506.116 d17.12
MinimumVisualStudioVersion = 10.0.40219.1
Project("{FAE04EC0-301F-11D3-BF4B-00C04F79EFBC}") = "FlyWeight.Ex01", "FlyWeight.Ex01\FlyWeight.Ex01.csproj", "{BB76A151-22B5-46ED-945C-7C6CB65D8B54}"
EndProject
Project("{FAE04EC0-301F-11D3-BF4B-00C04F79EFBC}") = "FlyWeight.Ex02", "FlyWeight.Ex02\FlyWeight.Ex02.csproj", "{D19C8B8D-4BD7-40F8-BDC7-5FE578D43754}"
EndProject
Global
	GlobalSection(SolutionConfigurationPlatforms) = preSolution
		Debug|Any CPU = Debug|Any CPU
		Release|Any CPU = Release|Any CPU
	EndGlobalSection
	GlobalSection(ProjectConfigurationPlatforms) = postSolution
		{BB76A151-22B5-46ED-945C-7C6CB65D8B54}.Debug|Any CPU.ActiveCfg = Debug|Any CPU
		{BB76A151-22B5-46ED-945C-7C6CB65D8B54}.Debug|Any CPU.Build.0 = Debug|Any CPU
		{BB76A151-22B5-46ED-945C-7C6CB65D8B54}.Release|Any CPU.ActiveCfg = Release|Any CPU
		{BB76A151-22B5-46ED-945C-7C6CB65D8B54}.Release|Any CPU.Build.0 = Release|Any CPU
		{D19C8B8D-4BD7-40F8-BDC7-5FE578D43754}.Debug|Any CPU.ActiveCfg = Debug|Any CPU
		{D19C8B8D-4BD7-40F8-BDC7-5FE578D43754}.Debug|Any CPU.Build.0 = Debug|Any CPU
		{D19C8B8D-4BD7-40F8-BDC7-5FE578D43754}.Release|Any CPU.ActiveCfg = Release|Any CPU
		{D19C8B8D-4BD7-40F8-BDC7-5FE578D43754}.Release|Any CPU.Build.0 = Release|Any CPU
	EndGlobalSection
	GlobalSection(SolutionProperties) = preSolution
		HideSolutionNode = FALSE
	EndGlobalSection
EndGlobal
