
Microsoft Visual Studio Solution File, Format Version 12.00
# Visual Studio Version 17
VisualStudioVersion = 17.12.35506.116 d17.12
MinimumVisualStudioVersion = 10.0.40219.1
Project("{FAE04EC0-301F-11D3-BF4B-00C04F79EFBC}") = "Adapter.Ex", "Adapter.Ex\Adapter.Ex.csproj", "{6794BEA5-0AEE-4076-BF28-55CF00904BAC}"
EndProject
Project("{FAE04EC0-301F-11D3-BF4B-00C04F79EFBC}") = "Adpter.Ex02", "Adpter.Ex02\Adpter.Ex02.csproj", "{240A485B-2013-467F-9FBE-66A99322D566}"
EndProject
Global
	GlobalSection(SolutionConfigurationPlatforms) = preSolution
		Debug|Any CPU = Debug|Any CPU
		Release|Any CPU = Release|Any CPU
	EndGlobalSection
	GlobalSection(ProjectConfigurationPlatforms) = postSolution
		{6794BEA5-0AEE-4076-BF28-55CF00904BAC}.Debug|Any CPU.ActiveCfg = Debug|Any CPU
		{6794BEA5-0AEE-4076-BF28-55CF00904BAC}.Debug|Any CPU.Build.0 = Debug|Any CPU
		{6794BEA5-0AEE-4076-BF28-55CF00904BAC}.Release|Any CPU.ActiveCfg = Release|Any CPU
		{6794BEA5-0AEE-4076-BF28-55CF00904BAC}.Release|Any CPU.Build.0 = Release|Any CPU
		{240A485B-2013-467F-9FBE-66A99322D566}.Debug|Any CPU.ActiveCfg = Debug|Any CPU
		{240A485B-2013-467F-9FBE-66A99322D566}.Debug|Any CPU.Build.0 = Debug|Any CPU
		{240A485B-2013-467F-9FBE-66A99322D566}.Release|Any CPU.ActiveCfg = Release|Any CPU
		{240A485B-2013-467F-9FBE-66A99322D566}.Release|Any CPU.Build.0 = Release|Any CPU
	EndGlobalSection
	GlobalSection(SolutionProperties) = preSolution
		HideSolutionNode = FALSE
	EndGlobalSection
EndGlobal
